
Microsoft Visual Studio Solution File, Format Version 12.00
# Visual Studio Version 16
VisualStudioVersion = 16.0.32510.428
MinimumVisualStudioVersion = 10.0.40219.1
Project("{FAE04EC0-301F-11D3-BF4B-00C04F79EFBC}") = "JournalApp", "JournalApp 2.0\JournalApp.csproj", "{5D973547-ED57-4C1A-A72A-681D21069FFD}"
EndProject
Global
	GlobalSection(SolutionConfigurationPlatforms) = preSolution
		Debug|Any CPU = Debug|Any CPU
		Release|Any CPU = Release|Any CPU
	EndGlobalSection
	GlobalSection(ProjectConfigurationPlatforms) = postSolution
		{5D973547-ED57-4C1A-A72A-681D21069FFD}.Debug|Any CPU.ActiveCfg = Debug|Any CPU
		{5D973547-ED57-4C1A-A72A-681D21069FFD}.Debug|Any CPU.Build.0 = Debug|Any CPU
		{5D973547-ED57-4C1A-A72A-681D21069FFD}.Release|Any CPU.ActiveCfg = Release|Any CPU
		{5D973547-ED57-4C1A-A72A-681D21069FFD}.Release|Any CPU.Build.0 = Release|Any CPU
	EndGlobalSection
	GlobalSection(SolutionProperties) = preSolution
		HideSolutionNode = FALSE
	EndGlobalSection
	GlobalSection(ExtensibilityGlobals) = postSolution
		SolutionGuid = {803952A9-9645-485B-8BE7-459B0BEEAF65}
	EndGlobalSection
EndGlobal
